// !$*UTF8*$!
{
	archiveVersion = 1;
	classes = {
	};
	objectVersion = 50;
	objects = {

/* Begin PBXBuildFile section */
		60007B7626848B980019A56C /* MultipleChoosingViewController.swift in Sources */ = {isa = PBXBuildFile; fileRef = 60007B7526848B980019A56C /* MultipleChoosingViewController.swift */; };
		60007B7826848BBC0019A56C /* MultipleChoosingTableViewCell.swift in Sources */ = {isa = PBXBuildFile; fileRef = 60007B7726848BBC0019A56C /* MultipleChoosingTableViewCell.swift */; };
		60384DE026A0944400C04EC2 /* RecipeCoreData+CoreDataClass.swift in Sources */ = {isa = PBXBuildFile; fileRef = 60384DDE26A0944400C04EC2 /* RecipeCoreData+CoreDataClass.swift */; };
		60384DE126A0944400C04EC2 /* RecipeCoreData+CoreDataProperties.swift in Sources */ = {isa = PBXBuildFile; fileRef = 60384DDF26A0944400C04EC2 /* RecipeCoreData+CoreDataProperties.swift */; };
		604447932683611500B6A512 /* SearchParametersViewsBuilder.swift in Sources */ = {isa = PBXBuildFile; fileRef = 604447922683611500B6A512 /* SearchParametersViewsBuilder.swift */; };
		604447972683622A00B6A512 /* KeyWordsView.swift in Sources */ = {isa = PBXBuildFile; fileRef = 604447962683622A00B6A512 /* KeyWordsView.swift */; };
		60444799268365D300B6A512 /* CuisineView.swift in Sources */ = {isa = PBXBuildFile; fileRef = 60444798268365D300B6A512 /* CuisineView.swift */; };
		6044479B268367F700B6A512 /* DietView.swift in Sources */ = {isa = PBXBuildFile; fileRef = 6044479A268367F700B6A512 /* DietView.swift */; };
		6044479D2683695700B6A512 /* EquipmentView.swift in Sources */ = {isa = PBXBuildFile; fileRef = 6044479C2683695700B6A512 /* EquipmentView.swift */; };
		6044479F26836A0600B6A512 /* IngredientsView.swift in Sources */ = {isa = PBXBuildFile; fileRef = 6044479E26836A0600B6A512 /* IngredientsView.swift */; };
		604447A126836AF100B6A512 /* TypeView.swift in Sources */ = {isa = PBXBuildFile; fileRef = 604447A026836AF100B6A512 /* TypeView.swift */; };
		604447A326836B9300B6A512 /* InstructionsRequiredView.swift in Sources */ = {isa = PBXBuildFile; fileRef = 604447A226836B9300B6A512 /* InstructionsRequiredView.swift */; };
		604447A526836C4200B6A512 /* MaxReadyTimeView.swift in Sources */ = {isa = PBXBuildFile; fileRef = 604447A426836C4200B6A512 /* MaxReadyTimeView.swift */; };
		604447A726836CDF00B6A512 /* SortView.swift in Sources */ = {isa = PBXBuildFile; fileRef = 604447A626836CDF00B6A512 /* SortView.swift */; };
		604447A926836DBC00B6A512 /* CarbsProteinFatCaloriesView.swift in Sources */ = {isa = PBXBuildFile; fileRef = 604447A826836DBC00B6A512 /* CarbsProteinFatCaloriesView.swift */; };
		604447AB26836E6300B6A512 /* FromAlchoholToZincView.swift in Sources */ = {isa = PBXBuildFile; fileRef = 604447AA26836E6300B6A512 /* FromAlchoholToZincView.swift */; };
		6053A35426A042F5006DA4F4 /* MeasuresCoreData+CoreDataClass.swift in Sources */ = {isa = PBXBuildFile; fileRef = 6053A34426A042F4006DA4F4 /* MeasuresCoreData+CoreDataClass.swift */; };
		6053A35526A042F5006DA4F4 /* MeasuresCoreData+CoreDataProperties.swift in Sources */ = {isa = PBXBuildFile; fileRef = 6053A34526A042F4006DA4F4 /* MeasuresCoreData+CoreDataProperties.swift */; };
		6053A35626A042F5006DA4F4 /* NutritionCoreData+CoreDataClass.swift in Sources */ = {isa = PBXBuildFile; fileRef = 6053A34626A042F5006DA4F4 /* NutritionCoreData+CoreDataClass.swift */; };
		6053A35726A042F5006DA4F4 /* NutritionCoreData+CoreDataProperties.swift in Sources */ = {isa = PBXBuildFile; fileRef = 6053A34726A042F5006DA4F4 /* NutritionCoreData+CoreDataProperties.swift */; };
		6053A35826A042F5006DA4F4 /* NutrientsCoreData+CoreDataClass.swift in Sources */ = {isa = PBXBuildFile; fileRef = 6053A34826A042F5006DA4F4 /* NutrientsCoreData+CoreDataClass.swift */; };
		6053A35926A042F5006DA4F4 /* NutrientsCoreData+CoreDataProperties.swift in Sources */ = {isa = PBXBuildFile; fileRef = 6053A34926A042F5006DA4F4 /* NutrientsCoreData+CoreDataProperties.swift */; };
		6053A35A26A042F5006DA4F4 /* WeightPerServingCoreData+CoreDataClass.swift in Sources */ = {isa = PBXBuildFile; fileRef = 6053A34A26A042F5006DA4F4 /* WeightPerServingCoreData+CoreDataClass.swift */; };
		6053A35B26A042F5006DA4F4 /* WeightPerServingCoreData+CoreDataProperties.swift in Sources */ = {isa = PBXBuildFile; fileRef = 6053A34B26A042F5006DA4F4 /* WeightPerServingCoreData+CoreDataProperties.swift */; };
		6053A35C26A042F5006DA4F4 /* MetricCoreData+CoreDataClass.swift in Sources */ = {isa = PBXBuildFile; fileRef = 6053A34C26A042F5006DA4F4 /* MetricCoreData+CoreDataClass.swift */; };
		6053A35D26A042F5006DA4F4 /* MetricCoreData+CoreDataProperties.swift in Sources */ = {isa = PBXBuildFile; fileRef = 6053A34D26A042F5006DA4F4 /* MetricCoreData+CoreDataProperties.swift */; };
		6053A36026A042F5006DA4F4 /* CaloricBreakdownCoreData+CoreDataClass.swift in Sources */ = {isa = PBXBuildFile; fileRef = 6053A35026A042F5006DA4F4 /* CaloricBreakdownCoreData+CoreDataClass.swift */; };
		6053A36126A042F5006DA4F4 /* CaloricBreakdownCoreData+CoreDataProperties.swift in Sources */ = {isa = PBXBuildFile; fileRef = 6053A35126A042F5006DA4F4 /* CaloricBreakdownCoreData+CoreDataProperties.swift */; };
		6053A36226A042F5006DA4F4 /* ExtendedIngredientsCoreData+CoreDataClass.swift in Sources */ = {isa = PBXBuildFile; fileRef = 6053A35226A042F5006DA4F4 /* ExtendedIngredientsCoreData+CoreDataClass.swift */; };
		6053A36326A042F5006DA4F4 /* ExtendedIngredientsCoreData+CoreDataProperties.swift in Sources */ = {isa = PBXBuildFile; fileRef = 6053A35326A042F5006DA4F4 /* ExtendedIngredientsCoreData+CoreDataProperties.swift */; };
		6053A36526A05B75006DA4F4 /* SevedRecipesViewController.swift in Sources */ = {isa = PBXBuildFile; fileRef = 6053A36426A05B75006DA4F4 /* SevedRecipesViewController.swift */; };
		6053A36726A05DF3006DA4F4 /* SavedRecipesViewModel.swift in Sources */ = {isa = PBXBuildFile; fileRef = 6053A36626A05DF3006DA4F4 /* SavedRecipesViewModel.swift */; };
		606281C4266E9CF500D05EE2 /* AppDelegate.swift in Sources */ = {isa = PBXBuildFile; fileRef = 606281C3266E9CF500D05EE2 /* AppDelegate.swift */; };
		606281C6266E9CF500D05EE2 /* SceneDelegate.swift in Sources */ = {isa = PBXBuildFile; fileRef = 606281C5266E9CF500D05EE2 /* SceneDelegate.swift */; };
		606281C8266E9CF500D05EE2 /* SearchViewController.swift in Sources */ = {isa = PBXBuildFile; fileRef = 606281C7266E9CF500D05EE2 /* SearchViewController.swift */; };
		606281CE266E9CF500D05EE2 /* myRecipe.xcdatamodeld in Sources */ = {isa = PBXBuildFile; fileRef = 606281CC266E9CF500D05EE2 /* myRecipe.xcdatamodeld */; };
		606281D0266E9CF600D05EE2 /* Assets.xcassets in Resources */ = {isa = PBXBuildFile; fileRef = 606281CF266E9CF600D05EE2 /* Assets.xcassets */; };
		606281D3266E9CF600D05EE2 /* LaunchScreen.storyboard in Resources */ = {isa = PBXBuildFile; fileRef = 606281D1266E9CF600D05EE2 /* LaunchScreen.storyboard */; };
		6074601C269ED3240055248E /* NutrientsViewController.swift in Sources */ = {isa = PBXBuildFile; fileRef = 6074601B269ED3240055248E /* NutrientsViewController.swift */; };
		6074601E269ED3570055248E /* NutrientsTableViewCell.swift in Sources */ = {isa = PBXBuildFile; fileRef = 6074601D269ED3570055248E /* NutrientsTableViewCell.swift */; };
		60746022269ED64C0055248E /* Nutrients.swift in Sources */ = {isa = PBXBuildFile; fileRef = 60746021269ED64C0055248E /* Nutrients.swift */; };
		60746024269ED6B90055248E /* Measures.swift in Sources */ = {isa = PBXBuildFile; fileRef = 60746023269ED6B90055248E /* Measures.swift */; };
		60746026269ED6FD0055248E /* Metric.swift in Sources */ = {isa = PBXBuildFile; fileRef = 60746025269ED6FD0055248E /* Metric.swift */; };
		60746028269ED71E0055248E /* CaloricBreakdown.swift in Sources */ = {isa = PBXBuildFile; fileRef = 60746027269ED71E0055248E /* CaloricBreakdown.swift */; };
		6074602A269ED7330055248E /* WeightPerServing.swift in Sources */ = {isa = PBXBuildFile; fileRef = 60746029269ED7330055248E /* WeightPerServing.swift */; };
		60746030269F19970055248E /* CoreDataStack.swift in Sources */ = {isa = PBXBuildFile; fileRef = 6074602F269F19970055248E /* CoreDataStack.swift */; };
		607A3D77267370B600B3D17F /* RecipesSearchParameters.swift in Sources */ = {isa = PBXBuildFile; fileRef = 607A3D76267370B600B3D17F /* RecipesSearchParameters.swift */; };
		607A3D7926737ACA00B3D17F /* SearchRecipesNetworkManagerTests.swift in Sources */ = {isa = PBXBuildFile; fileRef = 607A3D7826737ACA00B3D17F /* SearchRecipesNetworkManagerTests.swift */; };
		607A3D7D26737CBF00B3D17F /* UITests.swift in Sources */ = {isa = PBXBuildFile; fileRef = 607A3D7C26737CBF00B3D17F /* UITests.swift */; };
		608341CC268B9A0000463715 /* LoadingScreenViewController.swift in Sources */ = {isa = PBXBuildFile; fileRef = 608341CB268B9A0000463715 /* LoadingScreenViewController.swift */; };
		608341CE268BA6F200463715 /* UITableView.swift in Sources */ = {isa = PBXBuildFile; fileRef = 608341CD268BA6F200463715 /* UITableView.swift */; };
		6087A72E2672386B0039563C /* TabBarViewController.swift in Sources */ = {isa = PBXBuildFile; fileRef = 6087A72D2672386B0039563C /* TabBarViewController.swift */; };
		6087A73426723BE80039563C /* Cells.swift in Sources */ = {isa = PBXBuildFile; fileRef = 6087A73326723BE80039563C /* Cells.swift */; };
		6087A73626723D630039563C /* SearchRecipesNetworkManager.swift in Sources */ = {isa = PBXBuildFile; fileRef = 6087A73526723D630039563C /* SearchRecipesNetworkManager.swift */; };
		6087A738267244F30039563C /* SearchedRecipesResponse.swift in Sources */ = {isa = PBXBuildFile; fileRef = 6087A737267244F30039563C /* SearchedRecipesResponse.swift */; };
		6087A73A2672450B0039563C /* SearchedRecipe.swift in Sources */ = {isa = PBXBuildFile; fileRef = 6087A7392672450B0039563C /* SearchedRecipe.swift */; };
		609382672678CD79002178A8 /* ImageLoadingManager.swift in Sources */ = {isa = PBXBuildFile; fileRef = 609382662678CD79002178A8 /* ImageLoadingManager.swift */; };
		6093A5F2267B663700C861CE /* SearchResultsViewController.swift in Sources */ = {isa = PBXBuildFile; fileRef = 6093A5F1267B663700C861CE /* SearchResultsViewController.swift */; };
		6093A5F4267B67A600C861CE /* SearchResultsTableViewCell.swift in Sources */ = {isa = PBXBuildFile; fileRef = 6093A5F3267B67A600C861CE /* SearchResultsTableViewCell.swift */; };
		6093A5F6267B6B4200C861CE /* String.swift in Sources */ = {isa = PBXBuildFile; fileRef = 6093A5F5267B6B4200C861CE /* String.swift */; };
		60979F432677B54D009C941C /* SearchViewModel.swift in Sources */ = {isa = PBXBuildFile; fileRef = 60979F422677B54D009C941C /* SearchViewModel.swift */; };
		60979F462677BDFA009C941C /* SearchTableViewCell.swift in Sources */ = {isa = PBXBuildFile; fileRef = 60979F452677BDFA009C941C /* SearchTableViewCell.swift */; };
		60B8A69C267A2BF200063ADF /* AutocompleteRecipeSearchResponse.swift in Sources */ = {isa = PBXBuildFile; fileRef = 60B8A69B267A2BF200063ADF /* AutocompleteRecipeSearchResponse.swift */; };
		60C81C732681EB75004DACA2 /* SearchParametersViewController.swift in Sources */ = {isa = PBXBuildFile; fileRef = 60C81C722681EB75004DACA2 /* SearchParametersViewController.swift */; };
		60EDC5C22692132100216C63 /* RecipeViewController.swift in Sources */ = {isa = PBXBuildFile; fileRef = 60EDC5C12692132100216C63 /* RecipeViewController.swift */; };
		60EDC5C4269213D300216C63 /* RecipeViewModel.swift in Sources */ = {isa = PBXBuildFile; fileRef = 60EDC5C3269213D300216C63 /* RecipeViewModel.swift */; };
		60EDC5C62692145700216C63 /* URLError.swift in Sources */ = {isa = PBXBuildFile; fileRef = 60EDC5C52692145700216C63 /* URLError.swift */; };
		60F8C550269C25F100D952C7 /* RecipeNetworkManager.swift in Sources */ = {isa = PBXBuildFile; fileRef = 60F8C54F269C25F100D952C7 /* RecipeNetworkManager.swift */; };
		60F8C553269C270B00D952C7 /* Recipe.swift in Sources */ = {isa = PBXBuildFile; fileRef = 60F8C552269C270B00D952C7 /* Recipe.swift */; };
		60F8C555269C27FA00D952C7 /* ExtendedIngredients.swift in Sources */ = {isa = PBXBuildFile; fileRef = 60F8C554269C27FA00D952C7 /* ExtendedIngredients.swift */; };
		60F8C557269C325200D952C7 /* Nutrition.swift in Sources */ = {isa = PBXBuildFile; fileRef = 60F8C556269C325200D952C7 /* Nutrition.swift */; };
		60F8C55B269C84B900D952C7 /* ExtendedIngredientsCollectionViewCell.swift in Sources */ = {isa = PBXBuildFile; fileRef = 60F8C55A269C84B900D952C7 /* ExtendedIngredientsCollectionViewCell.swift */; };
/* End PBXBuildFile section */

/* Begin PBXContainerItemProxy section */
		606281DA266E9CF700D05EE2 /* PBXContainerItemProxy */ = {
			isa = PBXContainerItemProxy;
			containerPortal = 606281B8266E9CF500D05EE2 /* Project object */;
			proxyType = 1;
			remoteGlobalIDString = 606281BF266E9CF500D05EE2;
			remoteInfo = myRecipe;
		};
		606281E5266E9CF700D05EE2 /* PBXContainerItemProxy */ = {
			isa = PBXContainerItemProxy;
			containerPortal = 606281B8266E9CF500D05EE2 /* Project object */;
			proxyType = 1;
			remoteGlobalIDString = 606281BF266E9CF500D05EE2;
			remoteInfo = myRecipe;
		};
/* End PBXContainerItemProxy section */

/* Begin PBXFileReference section */
		60007B7526848B980019A56C /* MultipleChoosingViewController.swift */ = {isa = PBXFileReference; lastKnownFileType = sourcecode.swift; path = MultipleChoosingViewController.swift; sourceTree = "<group>"; };
		60007B7726848BBC0019A56C /* MultipleChoosingTableViewCell.swift */ = {isa = PBXFileReference; lastKnownFileType = sourcecode.swift; path = MultipleChoosingTableViewCell.swift; sourceTree = "<group>"; };
		60384DDE26A0944400C04EC2 /* RecipeCoreData+CoreDataClass.swift */ = {isa = PBXFileReference; lastKnownFileType = sourcecode.swift; path = "RecipeCoreData+CoreDataClass.swift"; sourceTree = "<group>"; };
		60384DDF26A0944400C04EC2 /* RecipeCoreData+CoreDataProperties.swift */ = {isa = PBXFileReference; lastKnownFileType = sourcecode.swift; path = "RecipeCoreData+CoreDataProperties.swift"; sourceTree = "<group>"; };
		604447922683611500B6A512 /* SearchParametersViewsBuilder.swift */ = {isa = PBXFileReference; lastKnownFileType = sourcecode.swift; path = SearchParametersViewsBuilder.swift; sourceTree = "<group>"; };
		604447962683622A00B6A512 /* KeyWordsView.swift */ = {isa = PBXFileReference; lastKnownFileType = sourcecode.swift; path = KeyWordsView.swift; sourceTree = "<group>"; };
		60444798268365D300B6A512 /* CuisineView.swift */ = {isa = PBXFileReference; lastKnownFileType = sourcecode.swift; path = CuisineView.swift; sourceTree = "<group>"; };
		6044479A268367F700B6A512 /* DietView.swift */ = {isa = PBXFileReference; lastKnownFileType = sourcecode.swift; path = DietView.swift; sourceTree = "<group>"; };
		6044479C2683695700B6A512 /* EquipmentView.swift */ = {isa = PBXFileReference; lastKnownFileType = sourcecode.swift; path = EquipmentView.swift; sourceTree = "<group>"; };
		6044479E26836A0600B6A512 /* IngredientsView.swift */ = {isa = PBXFileReference; lastKnownFileType = sourcecode.swift; path = IngredientsView.swift; sourceTree = "<group>"; };
		604447A026836AF100B6A512 /* TypeView.swift */ = {isa = PBXFileReference; lastKnownFileType = sourcecode.swift; path = TypeView.swift; sourceTree = "<group>"; };
		604447A226836B9300B6A512 /* InstructionsRequiredView.swift */ = {isa = PBXFileReference; lastKnownFileType = sourcecode.swift; path = InstructionsRequiredView.swift; sourceTree = "<group>"; };
		604447A426836C4200B6A512 /* MaxReadyTimeView.swift */ = {isa = PBXFileReference; lastKnownFileType = sourcecode.swift; path = MaxReadyTimeView.swift; sourceTree = "<group>"; };
		604447A626836CDF00B6A512 /* SortView.swift */ = {isa = PBXFileReference; lastKnownFileType = sourcecode.swift; path = SortView.swift; sourceTree = "<group>"; };
		604447A826836DBC00B6A512 /* CarbsProteinFatCaloriesView.swift */ = {isa = PBXFileReference; lastKnownFileType = sourcecode.swift; path = CarbsProteinFatCaloriesView.swift; sourceTree = "<group>"; };
		604447AA26836E6300B6A512 /* FromAlchoholToZincView.swift */ = {isa = PBXFileReference; lastKnownFileType = sourcecode.swift; path = FromAlchoholToZincView.swift; sourceTree = "<group>"; };
		6053A34426A042F4006DA4F4 /* MeasuresCoreData+CoreDataClass.swift */ = {isa = PBXFileReference; lastKnownFileType = sourcecode.swift; path = "MeasuresCoreData+CoreDataClass.swift"; sourceTree = "<group>"; };
		6053A34526A042F4006DA4F4 /* MeasuresCoreData+CoreDataProperties.swift */ = {isa = PBXFileReference; lastKnownFileType = sourcecode.swift; path = "MeasuresCoreData+CoreDataProperties.swift"; sourceTree = "<group>"; };
		6053A34626A042F5006DA4F4 /* NutritionCoreData+CoreDataClass.swift */ = {isa = PBXFileReference; lastKnownFileType = sourcecode.swift; path = "NutritionCoreData+CoreDataClass.swift"; sourceTree = "<group>"; };
		6053A34726A042F5006DA4F4 /* NutritionCoreData+CoreDataProperties.swift */ = {isa = PBXFileReference; lastKnownFileType = sourcecode.swift; path = "NutritionCoreData+CoreDataProperties.swift"; sourceTree = "<group>"; };
		6053A34826A042F5006DA4F4 /* NutrientsCoreData+CoreDataClass.swift */ = {isa = PBXFileReference; lastKnownFileType = sourcecode.swift; path = "NutrientsCoreData+CoreDataClass.swift"; sourceTree = "<group>"; };
		6053A34926A042F5006DA4F4 /* NutrientsCoreData+CoreDataProperties.swift */ = {isa = PBXFileReference; lastKnownFileType = sourcecode.swift; path = "NutrientsCoreData+CoreDataProperties.swift"; sourceTree = "<group>"; };
		6053A34A26A042F5006DA4F4 /* WeightPerServingCoreData+CoreDataClass.swift */ = {isa = PBXFileReference; lastKnownFileType = sourcecode.swift; path = "WeightPerServingCoreData+CoreDataClass.swift"; sourceTree = "<group>"; };
		6053A34B26A042F5006DA4F4 /* WeightPerServingCoreData+CoreDataProperties.swift */ = {isa = PBXFileReference; lastKnownFileType = sourcecode.swift; path = "WeightPerServingCoreData+CoreDataProperties.swift"; sourceTree = "<group>"; };
		6053A34C26A042F5006DA4F4 /* MetricCoreData+CoreDataClass.swift */ = {isa = PBXFileReference; lastKnownFileType = sourcecode.swift; path = "MetricCoreData+CoreDataClass.swift"; sourceTree = "<group>"; };
		6053A34D26A042F5006DA4F4 /* MetricCoreData+CoreDataProperties.swift */ = {isa = PBXFileReference; lastKnownFileType = sourcecode.swift; path = "MetricCoreData+CoreDataProperties.swift"; sourceTree = "<group>"; };
		6053A35026A042F5006DA4F4 /* CaloricBreakdownCoreData+CoreDataClass.swift */ = {isa = PBXFileReference; lastKnownFileType = sourcecode.swift; path = "CaloricBreakdownCoreData+CoreDataClass.swift"; sourceTree = "<group>"; };
		6053A35126A042F5006DA4F4 /* CaloricBreakdownCoreData+CoreDataProperties.swift */ = {isa = PBXFileReference; lastKnownFileType = sourcecode.swift; path = "CaloricBreakdownCoreData+CoreDataProperties.swift"; sourceTree = "<group>"; };
		6053A35226A042F5006DA4F4 /* ExtendedIngredientsCoreData+CoreDataClass.swift */ = {isa = PBXFileReference; lastKnownFileType = sourcecode.swift; path = "ExtendedIngredientsCoreData+CoreDataClass.swift"; sourceTree = "<group>"; };
		6053A35326A042F5006DA4F4 /* ExtendedIngredientsCoreData+CoreDataProperties.swift */ = {isa = PBXFileReference; lastKnownFileType = sourcecode.swift; path = "ExtendedIngredientsCoreData+CoreDataProperties.swift"; sourceTree = "<group>"; };
		6053A36426A05B75006DA4F4 /* SevedRecipesViewController.swift */ = {isa = PBXFileReference; lastKnownFileType = sourcecode.swift; path = SevedRecipesViewController.swift; sourceTree = "<group>"; };
		6053A36626A05DF3006DA4F4 /* SavedRecipesViewModel.swift */ = {isa = PBXFileReference; lastKnownFileType = sourcecode.swift; path = SavedRecipesViewModel.swift; sourceTree = "<group>"; };
		606281C0266E9CF500D05EE2 /* myRecipe.app */ = {isa = PBXFileReference; explicitFileType = wrapper.application; includeInIndex = 0; path = myRecipe.app; sourceTree = BUILT_PRODUCTS_DIR; };
		606281C3266E9CF500D05EE2 /* AppDelegate.swift */ = {isa = PBXFileReference; lastKnownFileType = sourcecode.swift; path = AppDelegate.swift; sourceTree = "<group>"; };
		606281C5266E9CF500D05EE2 /* SceneDelegate.swift */ = {isa = PBXFileReference; lastKnownFileType = sourcecode.swift; path = SceneDelegate.swift; sourceTree = "<group>"; };
		606281C7266E9CF500D05EE2 /* SearchViewController.swift */ = {isa = PBXFileReference; lastKnownFileType = sourcecode.swift; path = SearchViewController.swift; sourceTree = "<group>"; };
		606281CD266E9CF500D05EE2 /* myRecipe.xcdatamodel */ = {isa = PBXFileReference; lastKnownFileType = wrapper.xcdatamodel; path = myRecipe.xcdatamodel; sourceTree = "<group>"; };
		606281CF266E9CF600D05EE2 /* Assets.xcassets */ = {isa = PBXFileReference; lastKnownFileType = folder.assetcatalog; path = Assets.xcassets; sourceTree = "<group>"; };
		606281D2266E9CF600D05EE2 /* Base */ = {isa = PBXFileReference; lastKnownFileType = file.storyboard; name = Base; path = Base.lproj/LaunchScreen.storyboard; sourceTree = "<group>"; };
		606281D4266E9CF600D05EE2 /* Info.plist */ = {isa = PBXFileReference; lastKnownFileType = text.plist.xml; path = Info.plist; sourceTree = "<group>"; };
		606281D9266E9CF700D05EE2 /* myRecipeTests.xctest */ = {isa = PBXFileReference; explicitFileType = wrapper.cfbundle; includeInIndex = 0; path = myRecipeTests.xctest; sourceTree = BUILT_PRODUCTS_DIR; };
		606281DF266E9CF700D05EE2 /* Info.plist */ = {isa = PBXFileReference; lastKnownFileType = text.plist.xml; path = Info.plist; sourceTree = "<group>"; };
		606281E4266E9CF700D05EE2 /* myRecipeUITests.xctest */ = {isa = PBXFileReference; explicitFileType = wrapper.cfbundle; includeInIndex = 0; path = myRecipeUITests.xctest; sourceTree = BUILT_PRODUCTS_DIR; };
		606281EA266E9CF700D05EE2 /* Info.plist */ = {isa = PBXFileReference; lastKnownFileType = text.plist.xml; path = Info.plist; sourceTree = "<group>"; };
		6074601B269ED3240055248E /* NutrientsViewController.swift */ = {isa = PBXFileReference; lastKnownFileType = sourcecode.swift; path = NutrientsViewController.swift; sourceTree = "<group>"; };
		6074601D269ED3570055248E /* NutrientsTableViewCell.swift */ = {isa = PBXFileReference; lastKnownFileType = sourcecode.swift; path = NutrientsTableViewCell.swift; sourceTree = "<group>"; };
		60746021269ED64C0055248E /* Nutrients.swift */ = {isa = PBXFileReference; lastKnownFileType = sourcecode.swift; path = Nutrients.swift; sourceTree = "<group>"; };
		60746023269ED6B90055248E /* Measures.swift */ = {isa = PBXFileReference; lastKnownFileType = sourcecode.swift; path = Measures.swift; sourceTree = "<group>"; };
		60746025269ED6FD0055248E /* Metric.swift */ = {isa = PBXFileReference; lastKnownFileType = sourcecode.swift; path = Metric.swift; sourceTree = "<group>"; };
		60746027269ED71E0055248E /* CaloricBreakdown.swift */ = {isa = PBXFileReference; lastKnownFileType = sourcecode.swift; path = CaloricBreakdown.swift; sourceTree = "<group>"; };
		60746029269ED7330055248E /* WeightPerServing.swift */ = {isa = PBXFileReference; lastKnownFileType = sourcecode.swift; path = WeightPerServing.swift; sourceTree = "<group>"; };
		6074602F269F19970055248E /* CoreDataStack.swift */ = {isa = PBXFileReference; lastKnownFileType = sourcecode.swift; path = CoreDataStack.swift; sourceTree = "<group>"; };
		607A3D76267370B600B3D17F /* RecipesSearchParameters.swift */ = {isa = PBXFileReference; lastKnownFileType = sourcecode.swift; path = RecipesSearchParameters.swift; sourceTree = "<group>"; };
		607A3D7826737ACA00B3D17F /* SearchRecipesNetworkManagerTests.swift */ = {isa = PBXFileReference; lastKnownFileType = sourcecode.swift; path = SearchRecipesNetworkManagerTests.swift; sourceTree = "<group>"; };
		607A3D7C26737CBF00B3D17F /* UITests.swift */ = {isa = PBXFileReference; lastKnownFileType = sourcecode.swift; path = UITests.swift; sourceTree = "<group>"; };
		608341CB268B9A0000463715 /* LoadingScreenViewController.swift */ = {isa = PBXFileReference; lastKnownFileType = sourcecode.swift; path = LoadingScreenViewController.swift; sourceTree = "<group>"; };
		608341CD268BA6F200463715 /* UITableView.swift */ = {isa = PBXFileReference; lastKnownFileType = sourcecode.swift; path = UITableView.swift; sourceTree = "<group>"; };
		6087A72D2672386B0039563C /* TabBarViewController.swift */ = {isa = PBXFileReference; lastKnownFileType = sourcecode.swift; path = TabBarViewController.swift; sourceTree = "<group>"; };
		6087A73326723BE80039563C /* Cells.swift */ = {isa = PBXFileReference; lastKnownFileType = sourcecode.swift; path = Cells.swift; sourceTree = "<group>"; };
		6087A73526723D630039563C /* SearchRecipesNetworkManager.swift */ = {isa = PBXFileReference; lastKnownFileType = sourcecode.swift; path = SearchRecipesNetworkManager.swift; sourceTree = "<group>"; };
		6087A737267244F30039563C /* SearchedRecipesResponse.swift */ = {isa = PBXFileReference; lastKnownFileType = sourcecode.swift; path = SearchedRecipesResponse.swift; sourceTree = "<group>"; };
		6087A7392672450B0039563C /* SearchedRecipe.swift */ = {isa = PBXFileReference; lastKnownFileType = sourcecode.swift; path = SearchedRecipe.swift; sourceTree = "<group>"; };
		609382662678CD79002178A8 /* ImageLoadingManager.swift */ = {isa = PBXFileReference; lastKnownFileType = sourcecode.swift; path = ImageLoadingManager.swift; sourceTree = "<group>"; };
		6093A5F1267B663700C861CE /* SearchResultsViewController.swift */ = {isa = PBXFileReference; lastKnownFileType = sourcecode.swift; path = SearchResultsViewController.swift; sourceTree = "<group>"; };
		6093A5F3267B67A600C861CE /* SearchResultsTableViewCell.swift */ = {isa = PBXFileReference; lastKnownFileType = sourcecode.swift; path = SearchResultsTableViewCell.swift; sourceTree = "<group>"; };
		6093A5F5267B6B4200C861CE /* String.swift */ = {isa = PBXFileReference; lastKnownFileType = sourcecode.swift; path = String.swift; sourceTree = "<group>"; };
		60979F422677B54D009C941C /* SearchViewModel.swift */ = {isa = PBXFileReference; lastKnownFileType = sourcecode.swift; path = SearchViewModel.swift; sourceTree = "<group>"; };
		60979F452677BDFA009C941C /* SearchTableViewCell.swift */ = {isa = PBXFileReference; lastKnownFileType = sourcecode.swift; path = SearchTableViewCell.swift; sourceTree = "<group>"; };
		60B8A69B267A2BF200063ADF /* AutocompleteRecipeSearchResponse.swift */ = {isa = PBXFileReference; lastKnownFileType = sourcecode.swift; path = AutocompleteRecipeSearchResponse.swift; sourceTree = "<group>"; };
		60C81C722681EB75004DACA2 /* SearchParametersViewController.swift */ = {isa = PBXFileReference; lastKnownFileType = sourcecode.swift; path = SearchParametersViewController.swift; sourceTree = "<group>"; };
		60EDC5C12692132100216C63 /* RecipeViewController.swift */ = {isa = PBXFileReference; lastKnownFileType = sourcecode.swift; path = RecipeViewController.swift; sourceTree = "<group>"; };
		60EDC5C3269213D300216C63 /* RecipeViewModel.swift */ = {isa = PBXFileReference; lastKnownFileType = sourcecode.swift; path = RecipeViewModel.swift; sourceTree = "<group>"; };
		60EDC5C52692145700216C63 /* URLError.swift */ = {isa = PBXFileReference; lastKnownFileType = sourcecode.swift; path = URLError.swift; sourceTree = "<group>"; };
		60F8C54F269C25F100D952C7 /* RecipeNetworkManager.swift */ = {isa = PBXFileReference; lastKnownFileType = sourcecode.swift; path = RecipeNetworkManager.swift; sourceTree = "<group>"; };
		60F8C552269C270B00D952C7 /* Recipe.swift */ = {isa = PBXFileReference; lastKnownFileType = sourcecode.swift; path = Recipe.swift; sourceTree = "<group>"; };
		60F8C554269C27FA00D952C7 /* ExtendedIngredients.swift */ = {isa = PBXFileReference; lastKnownFileType = sourcecode.swift; path = ExtendedIngredients.swift; sourceTree = "<group>"; };
		60F8C556269C325200D952C7 /* Nutrition.swift */ = {isa = PBXFileReference; lastKnownFileType = sourcecode.swift; path = Nutrition.swift; sourceTree = "<group>"; };
		60F8C55A269C84B900D952C7 /* ExtendedIngredientsCollectionViewCell.swift */ = {isa = PBXFileReference; lastKnownFileType = sourcecode.swift; path = ExtendedIngredientsCollectionViewCell.swift; sourceTree = "<group>"; };
/* End PBXFileReference section */

/* Begin PBXFrameworksBuildPhase section */
		606281BD266E9CF500D05EE2 /* Frameworks */ = {
			isa = PBXFrameworksBuildPhase;
			buildActionMask = 2147483647;
			files = (
			);
			runOnlyForDeploymentPostprocessing = 0;
		};
		606281D6266E9CF700D05EE2 /* Frameworks */ = {
			isa = PBXFrameworksBuildPhase;
			buildActionMask = 2147483647;
			files = (
			);
			runOnlyForDeploymentPostprocessing = 0;
		};
		606281E1266E9CF700D05EE2 /* Frameworks */ = {
			isa = PBXFrameworksBuildPhase;
			buildActionMask = 2147483647;
			files = (
			);
			runOnlyForDeploymentPostprocessing = 0;
		};
/* End PBXFrameworksBuildPhase section */

/* Begin PBXGroup section */
		604447942683620200B6A512 /* View */ = {
			isa = PBXGroup;
			children = (
				604447952683620700B6A512 /* Search Parameters */,
			);
			path = View;
			sourceTree = "<group>";
		};
		604447952683620700B6A512 /* Search Parameters */ = {
			isa = PBXGroup;
			children = (
				604447962683622A00B6A512 /* KeyWordsView.swift */,
				60444798268365D300B6A512 /* CuisineView.swift */,
				6044479A268367F700B6A512 /* DietView.swift */,
				6044479C2683695700B6A512 /* EquipmentView.swift */,
				6044479E26836A0600B6A512 /* IngredientsView.swift */,
				604447A026836AF100B6A512 /* TypeView.swift */,
				604447A226836B9300B6A512 /* InstructionsRequiredView.swift */,
				604447A426836C4200B6A512 /* MaxReadyTimeView.swift */,
				604447A626836CDF00B6A512 /* SortView.swift */,
				604447A826836DBC00B6A512 /* CarbsProteinFatCaloriesView.swift */,
				604447AA26836E6300B6A512 /* FromAlchoholToZincView.swift */,
			);
			path = "Search Parameters";
			sourceTree = "<group>";
		};
		606281B7266E9CF500D05EE2 = {
			isa = PBXGroup;
			children = (
				606281C2266E9CF500D05EE2 /* myRecipe */,
				606281DC266E9CF700D05EE2 /* myRecipeTests */,
				606281E7266E9CF700D05EE2 /* myRecipeUITests */,
				606281C1266E9CF500D05EE2 /* Products */,
			);
			sourceTree = "<group>";
		};
		606281C1266E9CF500D05EE2 /* Products */ = {
			isa = PBXGroup;
			children = (
				606281C0266E9CF500D05EE2 /* myRecipe.app */,
				606281D9266E9CF700D05EE2 /* myRecipeTests.xctest */,
				606281E4266E9CF700D05EE2 /* myRecipeUITests.xctest */,
			);
			name = Products;
			sourceTree = "<group>";
		};
		606281C2266E9CF500D05EE2 /* myRecipe */ = {
			isa = PBXGroup;
			children = (
				6087A73126723AA30039563C /* App and Scene Delegate */,
				6087A730267239750039563C /* Model */,
				6087A72F267239620039563C /* View */,
				60979F412677A91D009C941C /* ViewModel */,
				6087A73226723BB00039563C /* Extensions */,
				606281CF266E9CF600D05EE2 /* Assets.xcassets */,
				606281D1266E9CF600D05EE2 /* LaunchScreen.storyboard */,
				606281D4266E9CF600D05EE2 /* Info.plist */,
				606281CC266E9CF500D05EE2 /* myRecipe.xcdatamodeld */,
			);
			path = myRecipe;
			sourceTree = "<group>";
		};
		606281DC266E9CF700D05EE2 /* myRecipeTests */ = {
			isa = PBXGroup;
			children = (
				606281DF266E9CF700D05EE2 /* Info.plist */,
				607A3D7826737ACA00B3D17F /* SearchRecipesNetworkManagerTests.swift */,
			);
			path = myRecipeTests;
			sourceTree = "<group>";
		};
		606281E7266E9CF700D05EE2 /* myRecipeUITests */ = {
			isa = PBXGroup;
			children = (
				606281EA266E9CF700D05EE2 /* Info.plist */,
				607A3D7C26737CBF00B3D17F /* UITests.swift */,
			);
			path = myRecipeUITests;
			sourceTree = "<group>";
		};
		607460A9269F70950055248E /* CoreData */ = {
			isa = PBXGroup;
			children = (
				60943D0926A0268200611A67 /* Entities */,
				6074602F269F19970055248E /* CoreDataStack.swift */,
			);
			path = CoreData;
			sourceTree = "<group>";
		};
		6087A72F267239620039563C /* View */ = {
			isa = PBXGroup;
			children = (
				604447942683620200B6A512 /* View */,
				60979F472677C248009C941C /* Controller */,
				60979F442677BDE2009C941C /* Cell */,
			);
			path = View;
			sourceTree = "<group>";
		};
		6087A730267239750039563C /* Model */ = {
			isa = PBXGroup;
			children = (
				607460A9269F70950055248E /* CoreData */,
				6087A73C26724C670039563C /* Search */,
				60F8C551269C26E700D952C7 /* Recipe */,
				6087A73B267245220039563C /* Network */,
			);
			path = Model;
			sourceTree = "<group>";
		};
		6087A73126723AA30039563C /* App and Scene Delegate */ = {
			isa = PBXGroup;
			children = (
				606281C3266E9CF500D05EE2 /* AppDelegate.swift */,
				606281C5266E9CF500D05EE2 /* SceneDelegate.swift */,
			);
			path = "App and Scene Delegate";
			sourceTree = "<group>";
		};
		6087A73226723BB00039563C /* Extensions */ = {
			isa = PBXGroup;
			children = (
				6087A73326723BE80039563C /* Cells.swift */,
				6093A5F5267B6B4200C861CE /* String.swift */,
				608341CD268BA6F200463715 /* UITableView.swift */,
			);
			path = Extensions;
			sourceTree = "<group>";
		};
		6087A73B267245220039563C /* Network */ = {
			isa = PBXGroup;
			children = (
				60EDC5C52692145700216C63 /* URLError.swift */,
				6087A73526723D630039563C /* SearchRecipesNetworkManager.swift */,
				60F8C54F269C25F100D952C7 /* RecipeNetworkManager.swift */,
				609382662678CD79002178A8 /* ImageLoadingManager.swift */,
			);
			path = Network;
			sourceTree = "<group>";
		};
		6087A73C26724C670039563C /* Search */ = {
			isa = PBXGroup;
			children = (
				6087A737267244F30039563C /* SearchedRecipesResponse.swift */,
				6087A7392672450B0039563C /* SearchedRecipe.swift */,
				60B8A69B267A2BF200063ADF /* AutocompleteRecipeSearchResponse.swift */,
				60961731267CC96F00372BD1 /* Search with Parameters */,
			);
			path = Search;
			sourceTree = "<group>";
		};
		60943D0926A0268200611A67 /* Entities */ = {
			isa = PBXGroup;
			children = (
				6053A34426A042F4006DA4F4 /* MeasuresCoreData+CoreDataClass.swift */,
				6053A34526A042F4006DA4F4 /* MeasuresCoreData+CoreDataProperties.swift */,
				6053A34626A042F5006DA4F4 /* NutritionCoreData+CoreDataClass.swift */,
				6053A34726A042F5006DA4F4 /* NutritionCoreData+CoreDataProperties.swift */,
				6053A34826A042F5006DA4F4 /* NutrientsCoreData+CoreDataClass.swift */,
				6053A34926A042F5006DA4F4 /* NutrientsCoreData+CoreDataProperties.swift */,
				6053A34A26A042F5006DA4F4 /* WeightPerServingCoreData+CoreDataClass.swift */,
				6053A34B26A042F5006DA4F4 /* WeightPerServingCoreData+CoreDataProperties.swift */,
				6053A34C26A042F5006DA4F4 /* MetricCoreData+CoreDataClass.swift */,
				6053A34D26A042F5006DA4F4 /* MetricCoreData+CoreDataProperties.swift */,
				6053A35026A042F5006DA4F4 /* CaloricBreakdownCoreData+CoreDataClass.swift */,
				6053A35126A042F5006DA4F4 /* CaloricBreakdownCoreData+CoreDataProperties.swift */,
				6053A35226A042F5006DA4F4 /* ExtendedIngredientsCoreData+CoreDataClass.swift */,
				6053A35326A042F5006DA4F4 /* ExtendedIngredientsCoreData+CoreDataProperties.swift */,
				60384DDE26A0944400C04EC2 /* RecipeCoreData+CoreDataClass.swift */,
				60384DDF26A0944400C04EC2 /* RecipeCoreData+CoreDataProperties.swift */,
			);
			path = Entities;
			sourceTree = "<group>";
		};
		60961731267CC96F00372BD1 /* Search with Parameters */ = {
			isa = PBXGroup;
			children = (
				607A3D76267370B600B3D17F /* RecipesSearchParameters.swift */,
				604447922683611500B6A512 /* SearchParametersViewsBuilder.swift */,
			);
			path = "Search with Parameters";
			sourceTree = "<group>";
		};
		60979F412677A91D009C941C /* ViewModel */ = {
			isa = PBXGroup;
			children = (
				60979F422677B54D009C941C /* SearchViewModel.swift */,
				60EDC5C3269213D300216C63 /* RecipeViewModel.swift */,
				6053A36626A05DF3006DA4F4 /* SavedRecipesViewModel.swift */,
			);
			path = ViewModel;
			sourceTree = "<group>";
		};
		60979F442677BDE2009C941C /* Cell */ = {
			isa = PBXGroup;
			children = (
				60979F452677BDFA009C941C /* SearchTableViewCell.swift */,
				6093A5F3267B67A600C861CE /* SearchResultsTableViewCell.swift */,
				60007B7726848BBC0019A56C /* MultipleChoosingTableViewCell.swift */,
				60F8C55A269C84B900D952C7 /* ExtendedIngredientsCollectionViewCell.swift */,
				6074601D269ED3570055248E /* NutrientsTableViewCell.swift */,
			);
			path = Cell;
			sourceTree = "<group>";
		};
		60979F472677C248009C941C /* Controller */ = {
			isa = PBXGroup;
			children = (
				6087A72D2672386B0039563C /* TabBarViewController.swift */,
				606281C7266E9CF500D05EE2 /* SearchViewController.swift */,
				6093A5F1267B663700C861CE /* SearchResultsViewController.swift */,
				60C81C722681EB75004DACA2 /* SearchParametersViewController.swift */,
				60007B7526848B980019A56C /* MultipleChoosingViewController.swift */,
				608341CB268B9A0000463715 /* LoadingScreenViewController.swift */,
				60EDC5C12692132100216C63 /* RecipeViewController.swift */,
				6074601B269ED3240055248E /* NutrientsViewController.swift */,
				6053A36426A05B75006DA4F4 /* SevedRecipesViewController.swift */,
			);
			path = Controller;
			sourceTree = "<group>";
		};
		60F8C551269C26E700D952C7 /* Recipe */ = {
			isa = PBXGroup;
			children = (
				60F8C552269C270B00D952C7 /* Recipe.swift */,
				60F8C554269C27FA00D952C7 /* ExtendedIngredients.swift */,
				60746023269ED6B90055248E /* Measures.swift */,
				60746025269ED6FD0055248E /* Metric.swift */,
				60F8C556269C325200D952C7 /* Nutrition.swift */,
				60746021269ED64C0055248E /* Nutrients.swift */,
				60746027269ED71E0055248E /* CaloricBreakdown.swift */,
				60746029269ED7330055248E /* WeightPerServing.swift */,
			);
			path = Recipe;
			sourceTree = "<group>";
		};
/* End PBXGroup section */

/* Begin PBXNativeTarget section */
		606281BF266E9CF500D05EE2 /* myRecipe */ = {
			isa = PBXNativeTarget;
			buildConfigurationList = 606281ED266E9CF700D05EE2 /* Build configuration list for PBXNativeTarget "myRecipe" */;
			buildPhases = (
				606281BC266E9CF500D05EE2 /* Sources */,
				606281BD266E9CF500D05EE2 /* Frameworks */,
				606281BE266E9CF500D05EE2 /* Resources */,
				606281F6266E9DB600D05EE2 /* ShellScript */,
			);
			buildRules = (
			);
			dependencies = (
			);
			name = myRecipe;
			productName = myRecipe;
			productReference = 606281C0266E9CF500D05EE2 /* myRecipe.app */;
			productType = "com.apple.product-type.application";
		};
		606281D8266E9CF700D05EE2 /* myRecipeTests */ = {
			isa = PBXNativeTarget;
			buildConfigurationList = 606281F0266E9CF700D05EE2 /* Build configuration list for PBXNativeTarget "myRecipeTests" */;
			buildPhases = (
				606281D5266E9CF700D05EE2 /* Sources */,
				606281D6266E9CF700D05EE2 /* Frameworks */,
				606281D7266E9CF700D05EE2 /* Resources */,
			);
			buildRules = (
			);
			dependencies = (
				606281DB266E9CF700D05EE2 /* PBXTargetDependency */,
			);
			name = myRecipeTests;
			productName = myRecipeTests;
			productReference = 606281D9266E9CF700D05EE2 /* myRecipeTests.xctest */;
			productType = "com.apple.product-type.bundle.unit-test";
		};
		606281E3266E9CF700D05EE2 /* myRecipeUITests */ = {
			isa = PBXNativeTarget;
			buildConfigurationList = 606281F3266E9CF700D05EE2 /* Build configuration list for PBXNativeTarget "myRecipeUITests" */;
			buildPhases = (
				606281E0266E9CF700D05EE2 /* Sources */,
				606281E1266E9CF700D05EE2 /* Frameworks */,
				606281E2266E9CF700D05EE2 /* Resources */,
			);
			buildRules = (
			);
			dependencies = (
				606281E6266E9CF700D05EE2 /* PBXTargetDependency */,
			);
			name = myRecipeUITests;
			productName = myRecipeUITests;
			productReference = 606281E4266E9CF700D05EE2 /* myRecipeUITests.xctest */;
			productType = "com.apple.product-type.bundle.ui-testing";
		};
/* End PBXNativeTarget section */

/* Begin PBXProject section */
		606281B8266E9CF500D05EE2 /* Project object */ = {
			isa = PBXProject;
			attributes = {
				LastSwiftUpdateCheck = 1250;
				LastUpgradeCheck = 1250;
				TargetAttributes = {
					606281BF266E9CF500D05EE2 = {
						CreatedOnToolsVersion = 12.5;
					};
					606281D8266E9CF700D05EE2 = {
						CreatedOnToolsVersion = 12.5;
						LastSwiftMigration = 1250;
						TestTargetID = 606281BF266E9CF500D05EE2;
					};
					606281E3266E9CF700D05EE2 = {
						CreatedOnToolsVersion = 12.5;
						LastSwiftMigration = 1250;
						TestTargetID = 606281BF266E9CF500D05EE2;
					};
				};
			};
			buildConfigurationList = 606281BB266E9CF500D05EE2 /* Build configuration list for PBXProject "myRecipe" */;
			compatibilityVersion = "Xcode 9.3";
			developmentRegion = en;
			hasScannedForEncodings = 0;
			knownRegions = (
				en,
				Base,
			);
			mainGroup = 606281B7266E9CF500D05EE2;
			productRefGroup = 606281C1266E9CF500D05EE2 /* Products */;
			projectDirPath = "";
			projectRoot = "";
			targets = (
				606281BF266E9CF500D05EE2 /* myRecipe */,
				606281D8266E9CF700D05EE2 /* myRecipeTests */,
				606281E3266E9CF700D05EE2 /* myRecipeUITests */,
			);
		};
/* End PBXProject section */

/* Begin PBXResourcesBuildPhase section */
		606281BE266E9CF500D05EE2 /* Resources */ = {
			isa = PBXResourcesBuildPhase;
			buildActionMask = 2147483647;
			files = (
				606281D3266E9CF600D05EE2 /* LaunchScreen.storyboard in Resources */,
				606281D0266E9CF600D05EE2 /* Assets.xcassets in Resources */,
			);
			runOnlyForDeploymentPostprocessing = 0;
		};
		606281D7266E9CF700D05EE2 /* Resources */ = {
			isa = PBXResourcesBuildPhase;
			buildActionMask = 2147483647;
			files = (
			);
			runOnlyForDeploymentPostprocessing = 0;
		};
		606281E2266E9CF700D05EE2 /* Resources */ = {
			isa = PBXResourcesBuildPhase;
			buildActionMask = 2147483647;
			files = (
			);
			runOnlyForDeploymentPostprocessing = 0;
		};
/* End PBXResourcesBuildPhase section */

/* Begin PBXShellScriptBuildPhase section */
		606281F6266E9DB600D05EE2 /* ShellScript */ = {
			isa = PBXShellScriptBuildPhase;
			buildActionMask = 2147483647;
			files = (
			);
			inputFileListPaths = (
			);
			inputPaths = (
			);
			outputFileListPaths = (
			);
			outputPaths = (
			);
			runOnlyForDeploymentPostprocessing = 0;
			shellPath = /bin/sh;
			shellScript = "if which swiftlint >/dev/null; then\n  swiftlint\nelse\n  echo \"warning: SwiftLint not installed, download from https://github.com/realm/SwiftLint\"\nfi\n";
		};
/* End PBXShellScriptBuildPhase section */

/* Begin PBXSourcesBuildPhase section */
		606281BC266E9CF500D05EE2 /* Sources */ = {
			isa = PBXSourcesBuildPhase;
			buildActionMask = 2147483647;
			files = (
				604447A126836AF100B6A512 /* TypeView.swift in Sources */,
				606281C8266E9CF500D05EE2 /* SearchViewController.swift in Sources */,
				60746022269ED64C0055248E /* Nutrients.swift in Sources */,
				60746024269ED6B90055248E /* Measures.swift in Sources */,
				60384DE126A0944400C04EC2 /* RecipeCoreData+CoreDataProperties.swift in Sources */,
				6053A36126A042F5006DA4F4 /* CaloricBreakdownCoreData+CoreDataProperties.swift in Sources */,
				60B8A69C267A2BF200063ADF /* AutocompleteRecipeSearchResponse.swift in Sources */,
				6087A73426723BE80039563C /* Cells.swift in Sources */,
				609382672678CD79002178A8 /* ImageLoadingManager.swift in Sources */,
				608341CC268B9A0000463715 /* LoadingScreenViewController.swift in Sources */,
				604447AB26836E6300B6A512 /* FromAlchoholToZincView.swift in Sources */,
				6044479D2683695700B6A512 /* EquipmentView.swift in Sources */,
				60007B7626848B980019A56C /* MultipleChoosingViewController.swift in Sources */,
				60EDC5C22692132100216C63 /* RecipeViewController.swift in Sources */,
				6074601E269ED3570055248E /* NutrientsTableViewCell.swift in Sources */,
				604447A326836B9300B6A512 /* InstructionsRequiredView.swift in Sources */,
				60C81C732681EB75004DACA2 /* SearchParametersViewController.swift in Sources */,
				6053A35926A042F5006DA4F4 /* NutrientsCoreData+CoreDataProperties.swift in Sources */,
				608341CE268BA6F200463715 /* UITableView.swift in Sources */,
				6074601C269ED3240055248E /* NutrientsViewController.swift in Sources */,
				6093A5F2267B663700C861CE /* SearchResultsViewController.swift in Sources */,
				6074602A269ED7330055248E /* WeightPerServing.swift in Sources */,
				60746030269F19970055248E /* CoreDataStack.swift in Sources */,
				60384DE026A0944400C04EC2 /* RecipeCoreData+CoreDataClass.swift in Sources */,
				60979F462677BDFA009C941C /* SearchTableViewCell.swift in Sources */,
				604447932683611500B6A512 /* SearchParametersViewsBuilder.swift in Sources */,
				6053A35A26A042F5006DA4F4 /* WeightPerServingCoreData+CoreDataClass.swift in Sources */,
				6053A35C26A042F5006DA4F4 /* MetricCoreData+CoreDataClass.swift in Sources */,
				6053A36526A05B75006DA4F4 /* SevedRecipesViewController.swift in Sources */,
				6087A738267244F30039563C /* SearchedRecipesResponse.swift in Sources */,
				60746028269ED71E0055248E /* CaloricBreakdown.swift in Sources */,
				60F8C555269C27FA00D952C7 /* ExtendedIngredients.swift in Sources */,
				6053A36726A05DF3006DA4F4 /* SavedRecipesViewModel.swift in Sources */,
				606281C4266E9CF500D05EE2 /* AppDelegate.swift in Sources */,
				6087A73626723D630039563C /* SearchRecipesNetworkManager.swift in Sources */,
				604447A726836CDF00B6A512 /* SortView.swift in Sources */,
				60F8C553269C270B00D952C7 /* Recipe.swift in Sources */,
				60746026269ED6FD0055248E /* Metric.swift in Sources */,
				6044479F26836A0600B6A512 /* IngredientsView.swift in Sources */,
				6053A35826A042F5006DA4F4 /* NutrientsCoreData+CoreDataClass.swift in Sources */,
				6053A36326A042F5006DA4F4 /* ExtendedIngredientsCoreData+CoreDataProperties.swift in Sources */,
				606281C6266E9CF500D05EE2 /* SceneDelegate.swift in Sources */,
				607A3D77267370B600B3D17F /* RecipesSearchParameters.swift in Sources */,
				604447972683622A00B6A512 /* KeyWordsView.swift in Sources */,
				60F8C550269C25F100D952C7 /* RecipeNetworkManager.swift in Sources */,
				60007B7826848BBC0019A56C /* MultipleChoosingTableViewCell.swift in Sources */,
				60979F432677B54D009C941C /* SearchViewModel.swift in Sources */,
				6053A35426A042F5006DA4F4 /* MeasuresCoreData+CoreDataClass.swift in Sources */,
				6053A35626A042F5006DA4F4 /* NutritionCoreData+CoreDataClass.swift in Sources */,
				6053A35726A042F5006DA4F4 /* NutritionCoreData+CoreDataProperties.swift in Sources */,
				6053A35D26A042F5006DA4F4 /* MetricCoreData+CoreDataProperties.swift in Sources */,
				6093A5F4267B67A600C861CE /* SearchResultsTableViewCell.swift in Sources */,
				6087A73A2672450B0039563C /* SearchedRecipe.swift in Sources */,
				60EDC5C4269213D300216C63 /* RecipeViewModel.swift in Sources */,
				604447A526836C4200B6A512 /* MaxReadyTimeView.swift in Sources */,
				6093A5F6267B6B4200C861CE /* String.swift in Sources */,
				60F8C55B269C84B900D952C7 /* ExtendedIngredientsCollectionViewCell.swift in Sources */,
				604447A926836DBC00B6A512 /* CarbsProteinFatCaloriesView.swift in Sources */,
				6053A36026A042F5006DA4F4 /* CaloricBreakdownCoreData+CoreDataClass.swift in Sources */,
				6087A72E2672386B0039563C /* TabBarViewController.swift in Sources */,
				60444799268365D300B6A512 /* CuisineView.swift in Sources */,
				60F8C557269C325200D952C7 /* Nutrition.swift in Sources */,
				60EDC5C62692145700216C63 /* URLError.swift in Sources */,
				6044479B268367F700B6A512 /* DietView.swift in Sources */,
				6053A35B26A042F5006DA4F4 /* WeightPerServingCoreData+CoreDataProperties.swift in Sources */,
				6053A36226A042F5006DA4F4 /* ExtendedIngredientsCoreData+CoreDataClass.swift in Sources */,
				606281CE266E9CF500D05EE2 /* myRecipe.xcdatamodeld in Sources */,
				6053A35526A042F5006DA4F4 /* MeasuresCoreData+CoreDataProperties.swift in Sources */,
			);
			runOnlyForDeploymentPostprocessing = 0;
		};
		606281D5266E9CF700D05EE2 /* Sources */ = {
			isa = PBXSourcesBuildPhase;
			buildActionMask = 2147483647;
			files = (
				607A3D7926737ACA00B3D17F /* SearchRecipesNetworkManagerTests.swift in Sources */,
			);
			runOnlyForDeploymentPostprocessing = 0;
		};
		606281E0266E9CF700D05EE2 /* Sources */ = {
			isa = PBXSourcesBuildPhase;
			buildActionMask = 2147483647;
			files = (
				607A3D7D26737CBF00B3D17F /* UITests.swift in Sources */,
			);
			runOnlyForDeploymentPostprocessing = 0;
		};
/* End PBXSourcesBuildPhase section */

/* Begin PBXTargetDependency section */
		606281DB266E9CF700D05EE2 /* PBXTargetDependency */ = {
			isa = PBXTargetDependency;
			target = 606281BF266E9CF500D05EE2 /* myRecipe */;
			targetProxy = 606281DA266E9CF700D05EE2 /* PBXContainerItemProxy */;
		};
		606281E6266E9CF700D05EE2 /* PBXTargetDependency */ = {
			isa = PBXTargetDependency;
			target = 606281BF266E9CF500D05EE2 /* myRecipe */;
			targetProxy = 606281E5266E9CF700D05EE2 /* PBXContainerItemProxy */;
		};
/* End PBXTargetDependency section */

/* Begin PBXVariantGroup section */
		606281D1266E9CF600D05EE2 /* LaunchScreen.storyboard */ = {
			isa = PBXVariantGroup;
			children = (
				606281D2266E9CF600D05EE2 /* Base */,
			);
			name = LaunchScreen.storyboard;
			sourceTree = "<group>";
		};
/* End PBXVariantGroup section */

/* Begin XCBuildConfiguration section */
		606281EB266E9CF700D05EE2 /* Debug */ = {
			isa = XCBuildConfiguration;
			buildSettings = {
				ALWAYS_SEARCH_USER_PATHS = NO;
				CLANG_ANALYZER_NONNULL = YES;
				CLANG_ANALYZER_NUMBER_OBJECT_CONVERSION = YES_AGGRESSIVE;
				CLANG_CXX_LANGUAGE_STANDARD = "gnu++14";
				CLANG_CXX_LIBRARY = "libc++";
				CLANG_ENABLE_MODULES = YES;
				CLANG_ENABLE_OBJC_ARC = YES;
				CLANG_ENABLE_OBJC_WEAK = YES;
				CLANG_WARN_BLOCK_CAPTURE_AUTORELEASING = YES;
				CLANG_WARN_BOOL_CONVERSION = YES;
				CLANG_WARN_COMMA = YES;
				CLANG_WARN_CONSTANT_CONVERSION = YES;
				CLANG_WARN_DEPRECATED_OBJC_IMPLEMENTATIONS = YES;
				CLANG_WARN_DIRECT_OBJC_ISA_USAGE = YES_ERROR;
				CLANG_WARN_DOCUMENTATION_COMMENTS = YES;
				CLANG_WARN_EMPTY_BODY = YES;
				CLANG_WARN_ENUM_CONVERSION = YES;
				CLANG_WARN_INFINITE_RECURSION = YES;
				CLANG_WARN_INT_CONVERSION = YES;
				CLANG_WARN_NON_LITERAL_NULL_CONVERSION = YES;
				CLANG_WARN_OBJC_IMPLICIT_RETAIN_SELF = YES;
				CLANG_WARN_OBJC_LITERAL_CONVERSION = YES;
				CLANG_WARN_OBJC_ROOT_CLASS = YES_ERROR;
				CLANG_WARN_QUOTED_INCLUDE_IN_FRAMEWORK_HEADER = YES;
				CLANG_WARN_RANGE_LOOP_ANALYSIS = YES;
				CLANG_WARN_STRICT_PROTOTYPES = YES;
				CLANG_WARN_SUSPICIOUS_MOVE = YES;
				CLANG_WARN_UNGUARDED_AVAILABILITY = YES_AGGRESSIVE;
				CLANG_WARN_UNREACHABLE_CODE = YES;
				CLANG_WARN__DUPLICATE_METHOD_MATCH = YES;
				COPY_PHASE_STRIP = NO;
				DEBUG_INFORMATION_FORMAT = dwarf;
				ENABLE_STRICT_OBJC_MSGSEND = YES;
				ENABLE_TESTABILITY = YES;
				GCC_C_LANGUAGE_STANDARD = gnu11;
				GCC_DYNAMIC_NO_PIC = NO;
				GCC_NO_COMMON_BLOCKS = YES;
				GCC_OPTIMIZATION_LEVEL = 0;
				GCC_PREPROCESSOR_DEFINITIONS = (
					"DEBUG=1",
					"$(inherited)",
				);
				GCC_WARN_64_TO_32_BIT_CONVERSION = YES;
				GCC_WARN_ABOUT_RETURN_TYPE = YES_ERROR;
				GCC_WARN_UNDECLARED_SELECTOR = YES;
				GCC_WARN_UNINITIALIZED_AUTOS = YES_AGGRESSIVE;
				GCC_WARN_UNUSED_FUNCTION = YES;
				GCC_WARN_UNUSED_VARIABLE = YES;
				IPHONEOS_DEPLOYMENT_TARGET = 14.5;
				MTL_ENABLE_DEBUG_INFO = INCLUDE_SOURCE;
				MTL_FAST_MATH = YES;
				ONLY_ACTIVE_ARCH = YES;
				SDKROOT = iphoneos;
				SWIFT_ACTIVE_COMPILATION_CONDITIONS = DEBUG;
				SWIFT_OPTIMIZATION_LEVEL = "-Onone";
			};
			name = Debug;
		};
		606281EC266E9CF700D05EE2 /* Release */ = {
			isa = XCBuildConfiguration;
			buildSettings = {
				ALWAYS_SEARCH_USER_PATHS = NO;
				CLANG_ANALYZER_NONNULL = YES;
				CLANG_ANALYZER_NUMBER_OBJECT_CONVERSION = YES_AGGRESSIVE;
				CLANG_CXX_LANGUAGE_STANDARD = "gnu++14";
				CLANG_CXX_LIBRARY = "libc++";
				CLANG_ENABLE_MODULES = YES;
				CLANG_ENABLE_OBJC_ARC = YES;
				CLANG_ENABLE_OBJC_WEAK = YES;
				CLANG_WARN_BLOCK_CAPTURE_AUTORELEASING = YES;
				CLANG_WARN_BOOL_CONVERSION = YES;
				CLANG_WARN_COMMA = YES;
				CLANG_WARN_CONSTANT_CONVERSION = YES;
				CLANG_WARN_DEPRECATED_OBJC_IMPLEMENTATIONS = YES;
				CLANG_WARN_DIRECT_OBJC_ISA_USAGE = YES_ERROR;
				CLANG_WARN_DOCUMENTATION_COMMENTS = YES;
				CLANG_WARN_EMPTY_BODY = YES;
				CLANG_WARN_ENUM_CONVERSION = YES;
				CLANG_WARN_INFINITE_RECURSION = YES;
				CLANG_WARN_INT_CONVERSION = YES;
				CLANG_WARN_NON_LITERAL_NULL_CONVERSION = YES;
				CLANG_WARN_OBJC_IMPLICIT_RETAIN_SELF = YES;
				CLANG_WARN_OBJC_LITERAL_CONVERSION = YES;
				CLANG_WARN_OBJC_ROOT_CLASS = YES_ERROR;
				CLANG_WARN_QUOTED_INCLUDE_IN_FRAMEWORK_HEADER = YES;
				CLANG_WARN_RANGE_LOOP_ANALYSIS = YES;
				CLANG_WARN_STRICT_PROTOTYPES = YES;
				CLANG_WARN_SUSPICIOUS_MOVE = YES;
				CLANG_WARN_UNGUARDED_AVAILABILITY = YES_AGGRESSIVE;
				CLANG_WARN_UNREACHABLE_CODE = YES;
				CLANG_WARN__DUPLICATE_METHOD_MATCH = YES;
				COPY_PHASE_STRIP = NO;
				DEBUG_INFORMATION_FORMAT = "dwarf-with-dsym";
				ENABLE_NS_ASSERTIONS = NO;
				ENABLE_STRICT_OBJC_MSGSEND = YES;
				GCC_C_LANGUAGE_STANDARD = gnu11;
				GCC_NO_COMMON_BLOCKS = YES;
				GCC_WARN_64_TO_32_BIT_CONVERSION = YES;
				GCC_WARN_ABOUT_RETURN_TYPE = YES_ERROR;
				GCC_WARN_UNDECLARED_SELECTOR = YES;
				GCC_WARN_UNINITIALIZED_AUTOS = YES_AGGRESSIVE;
				GCC_WARN_UNUSED_FUNCTION = YES;
				GCC_WARN_UNUSED_VARIABLE = YES;
				IPHONEOS_DEPLOYMENT_TARGET = 14.5;
				MTL_ENABLE_DEBUG_INFO = NO;
				MTL_FAST_MATH = YES;
				SDKROOT = iphoneos;
				SWIFT_COMPILATION_MODE = wholemodule;
				SWIFT_OPTIMIZATION_LEVEL = "-O";
				VALIDATE_PRODUCT = YES;
			};
			name = Release;
		};
		606281EE266E9CF700D05EE2 /* Debug */ = {
			isa = XCBuildConfiguration;
			buildSettings = {
				ASSETCATALOG_COMPILER_APPICON_NAME = AppIcon;
				ASSETCATALOG_COMPILER_GLOBAL_ACCENT_COLOR_NAME = AccentColor;
				CODE_SIGN_STYLE = Automatic;
				DEVELOPMENT_TEAM = JCV48HS79W;
				INFOPLIST_FILE = myRecipe/Info.plist;
				IPHONEOS_DEPLOYMENT_TARGET = 13.0;
				LD_RUNPATH_SEARCH_PATHS = (
					"$(inherited)",
					"@executable_path/Frameworks",
				);
				PRODUCT_BUNDLE_IDENTIFIER = "Nikolai-Sokol.myRecipe";
				PRODUCT_NAME = "$(TARGET_NAME)";
				SWIFT_VERSION = 5.0;
				TARGETED_DEVICE_FAMILY = "1,2";
			};
			name = Debug;
		};
		606281EF266E9CF700D05EE2 /* Release */ = {
			isa = XCBuildConfiguration;
			buildSettings = {
				ASSETCATALOG_COMPILER_APPICON_NAME = AppIcon;
				ASSETCATALOG_COMPILER_GLOBAL_ACCENT_COLOR_NAME = AccentColor;
				CODE_SIGN_STYLE = Automatic;
				DEVELOPMENT_TEAM = JCV48HS79W;
				INFOPLIST_FILE = myRecipe/Info.plist;
				IPHONEOS_DEPLOYMENT_TARGET = 13.0;
				LD_RUNPATH_SEARCH_PATHS = (
					"$(inherited)",
					"@executable_path/Frameworks",
				);
				PRODUCT_BUNDLE_IDENTIFIER = "Nikolai-Sokol.myRecipe";
				PRODUCT_NAME = "$(TARGET_NAME)";
				SWIFT_VERSION = 5.0;
				TARGETED_DEVICE_FAMILY = "1,2";
			};
			name = Release;
		};
		606281F1266E9CF700D05EE2 /* Debug */ = {
			isa = XCBuildConfiguration;
			buildSettings = {
				ALWAYS_EMBED_SWIFT_STANDARD_LIBRARIES = YES;
				BUNDLE_LOADER = "$(TEST_HOST)";
				CLANG_ENABLE_MODULES = YES;
				CODE_SIGN_STYLE = Automatic;
				DEVELOPMENT_TEAM = JCV48HS79W;
				INFOPLIST_FILE = myRecipeTests/Info.plist;
				IPHONEOS_DEPLOYMENT_TARGET = 14.5;
				LD_RUNPATH_SEARCH_PATHS = (
					"$(inherited)",
					"@executable_path/Frameworks",
					"@loader_path/Frameworks",
				);
				PRODUCT_BUNDLE_IDENTIFIER = "Nikolai-Sokol.myRecipeTests";
				PRODUCT_NAME = "$(TARGET_NAME)";
				SWIFT_OPTIMIZATION_LEVEL = "-Onone";
				SWIFT_VERSION = 5.0;
				TARGETED_DEVICE_FAMILY = "1,2";
				TEST_HOST = "$(BUILT_PRODUCTS_DIR)/myRecipe.app/myRecipe";
			};
			name = Debug;
		};
		606281F2266E9CF700D05EE2 /* Release */ = {
			isa = XCBuildConfiguration;
			buildSettings = {
				ALWAYS_EMBED_SWIFT_STANDARD_LIBRARIES = YES;
				BUNDLE_LOADER = "$(TEST_HOST)";
				CLANG_ENABLE_MODULES = YES;
				CODE_SIGN_STYLE = Automatic;
				DEVELOPMENT_TEAM = JCV48HS79W;
				INFOPLIST_FILE = myRecipeTests/Info.plist;
				IPHONEOS_DEPLOYMENT_TARGET = 14.5;
				LD_RUNPATH_SEARCH_PATHS = (
					"$(inherited)",
					"@executable_path/Frameworks",
					"@loader_path/Frameworks",
				);
				PRODUCT_BUNDLE_IDENTIFIER = "Nikolai-Sokol.myRecipeTests";
				PRODUCT_NAME = "$(TARGET_NAME)";
				SWIFT_VERSION = 5.0;
				TARGETED_DEVICE_FAMILY = "1,2";
				TEST_HOST = "$(BUILT_PRODUCTS_DIR)/myRecipe.app/myRecipe";
			};
			name = Release;
		};
		606281F4266E9CF700D05EE2 /* Debug */ = {
			isa = XCBuildConfiguration;
			buildSettings = {
				ALWAYS_EMBED_SWIFT_STANDARD_LIBRARIES = YES;
				CLANG_ENABLE_MODULES = YES;
				CODE_SIGN_STYLE = Automatic;
				DEVELOPMENT_TEAM = JCV48HS79W;
				INFOPLIST_FILE = myRecipeUITests/Info.plist;
				LD_RUNPATH_SEARCH_PATHS = (
					"$(inherited)",
					"@executable_path/Frameworks",
					"@loader_path/Frameworks",
				);
				PRODUCT_BUNDLE_IDENTIFIER = "Nikolai-Sokol.myRecipeUITests";
				PRODUCT_NAME = "$(TARGET_NAME)";
				SWIFT_OPTIMIZATION_LEVEL = "-Onone";
				SWIFT_VERSION = 5.0;
				TARGETED_DEVICE_FAMILY = "1,2";
				TEST_TARGET_NAME = myRecipe;
			};
			name = Debug;
		};
		606281F5266E9CF700D05EE2 /* Release */ = {
			isa = XCBuildConfiguration;
			buildSettings = {
				ALWAYS_EMBED_SWIFT_STANDARD_LIBRARIES = YES;
				CLANG_ENABLE_MODULES = YES;
				CODE_SIGN_STYLE = Automatic;
				DEVELOPMENT_TEAM = JCV48HS79W;
				INFOPLIST_FILE = myRecipeUITests/Info.plist;
				LD_RUNPATH_SEARCH_PATHS = (
					"$(inherited)",
					"@executable_path/Frameworks",
					"@loader_path/Frameworks",
				);
				PRODUCT_BUNDLE_IDENTIFIER = "Nikolai-Sokol.myRecipeUITests";
				PRODUCT_NAME = "$(TARGET_NAME)";
				SWIFT_VERSION = 5.0;
				TARGETED_DEVICE_FAMILY = "1,2";
				TEST_TARGET_NAME = myRecipe;
			};
			name = Release;
		};
/* End XCBuildConfiguration section */

/* Begin XCConfigurationList section */
		606281BB266E9CF500D05EE2 /* Build configuration list for PBXProject "myRecipe" */ = {
			isa = XCConfigurationList;
			buildConfigurations = (
				606281EB266E9CF700D05EE2 /* Debug */,
				606281EC266E9CF700D05EE2 /* Release */,
			);
			defaultConfigurationIsVisible = 0;
			defaultConfigurationName = Release;
		};
		606281ED266E9CF700D05EE2 /* Build configuration list for PBXNativeTarget "myRecipe" */ = {
			isa = XCConfigurationList;
			buildConfigurations = (
				606281EE266E9CF700D05EE2 /* Debug */,
				606281EF266E9CF700D05EE2 /* Release */,
			);
			defaultConfigurationIsVisible = 0;
			defaultConfigurationName = Release;
		};
		606281F0266E9CF700D05EE2 /* Build configuration list for PBXNativeTarget "myRecipeTests" */ = {
			isa = XCConfigurationList;
			buildConfigurations = (
				606281F1266E9CF700D05EE2 /* Debug */,
				606281F2266E9CF700D05EE2 /* Release */,
			);
			defaultConfigurationIsVisible = 0;
			defaultConfigurationName = Release;
		};
		606281F3266E9CF700D05EE2 /* Build configuration list for PBXNativeTarget "myRecipeUITests" */ = {
			isa = XCConfigurationList;
			buildConfigurations = (
				606281F4266E9CF700D05EE2 /* Debug */,
				606281F5266E9CF700D05EE2 /* Release */,
			);
			defaultConfigurationIsVisible = 0;
			defaultConfigurationName = Release;
		};
/* End XCConfigurationList section */

/* Begin XCVersionGroup section */
		606281CC266E9CF500D05EE2 /* myRecipe.xcdatamodeld */ = {
			isa = XCVersionGroup;
			children = (
				606281CD266E9CF500D05EE2 /* myRecipe.xcdatamodel */,
			);
			currentVersion = 606281CD266E9CF500D05EE2 /* myRecipe.xcdatamodel */;
			path = myRecipe.xcdatamodeld;
			sourceTree = "<group>";
			versionGroupType = wrapper.xcdatamodel;
		};
/* End XCVersionGroup section */
	};
	rootObject = 606281B8266E9CF500D05EE2 /* Project object */;
}
